
Microsoft Visual Studio Solution File, Format Version 12.00
# Visual Studio 15
VisualStudioVersion = 15.0.27703.2026
MinimumVisualStudioVersion = 10.0.40219.1
Project("{FAE04EC0-301F-11D3-BF4B-00C04F79EFBC}") = "TjenesteApp.Android", "TjenesteApp\TjenesteApp.Android\TjenesteApp.Android.csproj", "{2A5D69A1-E966-48BE-BE4F-95D8932DA80C}"
EndProject
Project("{FAE04EC0-301F-11D3-BF4B-00C04F79EFBC}") = "TjenesteApp.iOS", "TjenesteApp\TjenesteApp.iOS\TjenesteApp.iOS.csproj", "{160AA2F3-DE61-43C5-A368-2E46A1532FA9}"
EndProject
Project("{FAE04EC0-301F-11D3-BF4B-00C04F79EFBC}") = "TjenesteApp.UWP", "TjenesteApp\TjenesteApp.UWP\TjenesteApp.UWP.csproj", "{29FD40B4-6E75-4306-9F29-4CB18D8EC0EE}"
EndProject
Project("{9A19103F-16F7-4668-BE54-9A1E7A4F7556}") = "TjenesteApp", "TjenesteApp\TjenesteApp\TjenesteApp.csproj", "{5CABFA2C-AFFB-4698-A3C8-6C2679592590}"
EndProject
Global
	GlobalSection(SolutionConfigurationPlatforms) = preSolution
		Ad-Hoc|Any CPU = Ad-Hoc|Any CPU
		Ad-Hoc|ARM = Ad-Hoc|ARM
		Ad-Hoc|iPhone = Ad-Hoc|iPhone
		Ad-Hoc|iPhoneSimulator = Ad-Hoc|iPhoneSimulator
		Ad-Hoc|x64 = Ad-Hoc|x64
		Ad-Hoc|x86 = Ad-Hoc|x86
		AppStore|Any CPU = AppStore|Any CPU
		AppStore|ARM = AppStore|ARM
		AppStore|iPhone = AppStore|iPhone
		AppStore|iPhoneSimulator = AppStore|iPhoneSimulator
		AppStore|x64 = AppStore|x64
		AppStore|x86 = AppStore|x86
		Debug|Any CPU = Debug|Any CPU
		Debug|ARM = Debug|ARM
		Debug|iPhone = Debug|iPhone
		Debug|iPhoneSimulator = Debug|iPhoneSimulator
		Debug|x64 = Debug|x64
		Debug|x86 = Debug|x86
		Release|Any CPU = Release|Any CPU
		Release|ARM = Release|ARM
		Release|iPhone = Release|iPhone
		Release|iPhoneSimulator = Release|iPhoneSimulator
		Release|x64 = Release|x64
		Release|x86 = Release|x86
	EndGlobalSection
	GlobalSection(ProjectConfigurationPlatforms) = postSolution
		{2A5D69A1-E966-48BE-BE4F-95D8932DA80C}.Ad-Hoc|Any CPU.ActiveCfg = Release|Any CPU
		{2A5D69A1-E966-48BE-BE4F-95D8932DA80C}.Ad-Hoc|Any CPU.Build.0 = Release|Any CPU
		{2A5D69A1-E966-48BE-BE4F-95D8932DA80C}.Ad-Hoc|Any CPU.Deploy.0 = Release|Any CPU
		{2A5D69A1-E966-48BE-BE4F-95D8932DA80C}.Ad-Hoc|ARM.ActiveCfg = Release|Any CPU
		{2A5D69A1-E966-48BE-BE4F-95D8932DA80C}.Ad-Hoc|ARM.Build.0 = Release|Any CPU
		{2A5D69A1-E966-48BE-BE4F-95D8932DA80C}.Ad-Hoc|ARM.Deploy.0 = Release|Any CPU
		{2A5D69A1-E966-48BE-BE4F-95D8932DA80C}.Ad-Hoc|iPhone.ActiveCfg = Release|Any CPU
		{2A5D69A1-E966-48BE-BE4F-95D8932DA80C}.Ad-Hoc|iPhone.Build.0 = Release|Any CPU
		{2A5D69A1-E966-48BE-BE4F-95D8932DA80C}.Ad-Hoc|iPhone.Deploy.0 = Release|Any CPU
		{2A5D69A1-E966-48BE-BE4F-95D8932DA80C}.Ad-Hoc|iPhoneSimulator.ActiveCfg = Release|Any CPU
		{2A5D69A1-E966-48BE-BE4F-95D8932DA80C}.Ad-Hoc|iPhoneSimulator.Build.0 = Release|Any CPU
		{2A5D69A1-E966-48BE-BE4F-95D8932DA80C}.Ad-Hoc|iPhoneSimulator.Deploy.0 = Release|Any CPU
		{2A5D69A1-E966-48BE-BE4F-95D8932DA80C}.Ad-Hoc|x64.ActiveCfg = Release|Any CPU
		{2A5D69A1-E966-48BE-BE4F-95D8932DA80C}.Ad-Hoc|x64.Build.0 = Release|Any CPU
		{2A5D69A1-E966-48BE-BE4F-95D8932DA80C}.Ad-Hoc|x64.Deploy.0 = Release|Any CPU
		{2A5D69A1-E966-48BE-BE4F-95D8932DA80C}.Ad-Hoc|x86.ActiveCfg = Release|Any CPU
		{2A5D69A1-E966-48BE-BE4F-95D8932DA80C}.Ad-Hoc|x86.Build.0 = Release|Any CPU
		{2A5D69A1-E966-48BE-BE4F-95D8932DA80C}.Ad-Hoc|x86.Deploy.0 = Release|Any CPU
		{2A5D69A1-E966-48BE-BE4F-95D8932DA80C}.AppStore|Any CPU.ActiveCfg = Release|Any CPU
		{2A5D69A1-E966-48BE-BE4F-95D8932DA80C}.AppStore|Any CPU.Build.0 = Release|Any CPU
		{2A5D69A1-E966-48BE-BE4F-95D8932DA80C}.AppStore|Any CPU.Deploy.0 = Release|Any CPU
		{2A5D69A1-E966-48BE-BE4F-95D8932DA80C}.AppStore|ARM.ActiveCfg = Release|Any CPU
		{2A5D69A1-E966-48BE-BE4F-95D8932DA80C}.AppStore|ARM.Build.0 = Release|Any CPU
		{2A5D69A1-E966-48BE-BE4F-95D8932DA80C}.AppStore|ARM.Deploy.0 = Release|Any CPU
		{2A5D69A1-E966-48BE-BE4F-95D8932DA80C}.AppStore|iPhone.ActiveCfg = Release|Any CPU
		{2A5D69A1-E966-48BE-BE4F-95D8932DA80C}.AppStore|iPhone.Build.0 = Release|Any CPU
		{2A5D69A1-E966-48BE-BE4F-95D8932DA80C}.AppStore|iPhone.Deploy.0 = Release|Any CPU
		{2A5D69A1-E966-48BE-BE4F-95D8932DA80C}.AppStore|iPhoneSimulator.ActiveCfg = Release|Any CPU
		{2A5D69A1-E966-48BE-BE4F-95D8932DA80C}.AppStore|iPhoneSimulator.Build.0 = Release|Any CPU
		{2A5D69A1-E966-48BE-BE4F-95D8932DA80C}.AppStore|iPhoneSimulator.Deploy.0 = Release|Any CPU
		{2A5D69A1-E966-48BE-BE4F-95D8932DA80C}.AppStore|x64.ActiveCfg = Release|Any CPU
		{2A5D69A1-E966-48BE-BE4F-95D8932DA80C}.AppStore|x64.Build.0 = Release|Any CPU
		{2A5D69A1-E966-48BE-BE4F-95D8932DA80C}.AppStore|x64.Deploy.0 = Release|Any CPU
		{2A5D69A1-E966-48BE-BE4F-95D8932DA80C}.AppStore|x86.ActiveCfg = Release|Any CPU
		{2A5D69A1-E966-48BE-BE4F-95D8932DA80C}.AppStore|x86.Build.0 = Release|Any CPU
		{2A5D69A1-E966-48BE-BE4F-95D8932DA80C}.AppStore|x86.Deploy.0 = Release|Any CPU
		{2A5D69A1-E966-48BE-BE4F-95D8932DA80C}.Debug|Any CPU.ActiveCfg = Debug|Any CPU
		{2A5D69A1-E966-48BE-BE4F-95D8932DA80C}.Debug|Any CPU.Build.0 = Debug|Any CPU
		{2A5D69A1-E966-48BE-BE4F-95D8932DA80C}.Debug|Any CPU.Deploy.0 = Debug|Any CPU
		{2A5D69A1-E966-48BE-BE4F-95D8932DA80C}.Debug|ARM.ActiveCfg = Debug|Any CPU
		{2A5D69A1-E966-48BE-BE4F-95D8932DA80C}.Debug|ARM.Build.0 = Debug|Any CPU
		{2A5D69A1-E966-48BE-BE4F-95D8932DA80C}.Debug|ARM.Deploy.0 = Debug|Any CPU
		{2A5D69A1-E966-48BE-BE4F-95D8932DA80C}.Debug|iPhone.ActiveCfg = Debug|Any CPU
		{2A5D69A1-E966-48BE-BE4F-95D8932DA80C}.Debug|iPhone.Build.0 = Debug|Any CPU
		{2A5D69A1-E966-48BE-BE4F-95D8932DA80C}.Debug|iPhone.Deploy.0 = Debug|Any CPU
		{2A5D69A1-E966-48BE-BE4F-95D8932DA80C}.Debug|iPhoneSimulator.ActiveCfg = Debug|Any CPU
		{2A5D69A1-E966-48BE-BE4F-95D8932DA80C}.Debug|iPhoneSimulator.Build.0 = Debug|Any CPU
		{2A5D69A1-E966-48BE-BE4F-95D8932DA80C}.Debug|iPhoneSimulator.Deploy.0 = Debug|Any CPU
		{2A5D69A1-E966-48BE-BE4F-95D8932DA80C}.Debug|x64.ActiveCfg = Debug|Any CPU
		{2A5D69A1-E966-48BE-BE4F-95D8932DA80C}.Debug|x64.Build.0 = Debug|Any CPU
		{2A5D69A1-E966-48BE-BE4F-95D8932DA80C}.Debug|x64.Deploy.0 = Debug|Any CPU
		{2A5D69A1-E966-48BE-BE4F-95D8932DA80C}.Debug|x86.ActiveCfg = Debug|Any CPU
		{2A5D69A1-E966-48BE-BE4F-95D8932DA80C}.Debug|x86.Build.0 = Debug|Any CPU
		{2A5D69A1-E966-48BE-BE4F-95D8932DA80C}.Debug|x86.Deploy.0 = Debug|Any CPU
		{2A5D69A1-E966-48BE-BE4F-95D8932DA80C}.Release|Any CPU.ActiveCfg = Release|Any CPU
		{2A5D69A1-E966-48BE-BE4F-95D8932DA80C}.Release|Any CPU.Build.0 = Release|Any CPU
		{2A5D69A1-E966-48BE-BE4F-95D8932DA80C}.Release|Any CPU.Deploy.0 = Release|Any CPU
		{2A5D69A1-E966-48BE-BE4F-95D8932DA80C}.Release|ARM.ActiveCfg = Release|Any CPU
		{2A5D69A1-E966-48BE-BE4F-95D8932DA80C}.Release|ARM.Build.0 = Release|Any CPU
		{2A5D69A1-E966-48BE-BE4F-95D8932DA80C}.Release|ARM.Deploy.0 = Release|Any CPU
		{2A5D69A1-E966-48BE-BE4F-95D8932DA80C}.Release|iPhone.ActiveCfg = Release|Any CPU
		{2A5D69A1-E966-48BE-BE4F-95D8932DA80C}.Release|iPhone.Build.0 = Release|Any CPU
		{2A5D69A1-E966-48BE-BE4F-95D8932DA80C}.Release|iPhone.Deploy.0 = Release|Any CPU
		{2A5D69A1-E966-48BE-BE4F-95D8932DA80C}.Release|iPhoneSimulator.ActiveCfg = Release|Any CPU
		{2A5D69A1-E966-48BE-BE4F-95D8932DA80C}.Release|iPhoneSimulator.Build.0 = Release|Any CPU
		{2A5D69A1-E966-48BE-BE4F-95D8932DA80C}.Release|iPhoneSimulator.Deploy.0 = Release|Any CPU
		{2A5D69A1-E966-48BE-BE4F-95D8932DA80C}.Release|x64.ActiveCfg = Release|Any CPU
		{2A5D69A1-E966-48BE-BE4F-95D8932DA80C}.Release|x64.Build.0 = Release|Any CPU
		{2A5D69A1-E966-48BE-BE4F-95D8932DA80C}.Release|x64.Deploy.0 = Release|Any CPU
		{2A5D69A1-E966-48BE-BE4F-95D8932DA80C}.Release|x86.ActiveCfg = Release|Any CPU
		{2A5D69A1-E966-48BE-BE4F-95D8932DA80C}.Release|x86.Build.0 = Release|Any CPU
		{2A5D69A1-E966-48BE-BE4F-95D8932DA80C}.Release|x86.Deploy.0 = Release|Any CPU
		{160AA2F3-DE61-43C5-A368-2E46A1532FA9}.Ad-Hoc|Any CPU.ActiveCfg = Ad-Hoc|iPhone
		{160AA2F3-DE61-43C5-A368-2E46A1532FA9}.Ad-Hoc|Any CPU.Build.0 = Ad-Hoc|iPhone
		{160AA2F3-DE61-43C5-A368-2E46A1532FA9}.Ad-Hoc|Any CPU.Deploy.0 = Ad-Hoc|iPhone
		{160AA2F3-DE61-43C5-A368-2E46A1532FA9}.Ad-Hoc|ARM.ActiveCfg = Ad-Hoc|iPhone
		{160AA2F3-DE61-43C5-A368-2E46A1532FA9}.Ad-Hoc|ARM.Build.0 = Ad-Hoc|iPhone
		{160AA2F3-DE61-43C5-A368-2E46A1532FA9}.Ad-Hoc|ARM.Deploy.0 = Ad-Hoc|iPhone
		{160AA2F3-DE61-43C5-A368-2E46A1532FA9}.Ad-Hoc|iPhone.ActiveCfg = Ad-Hoc|iPhone
		{160AA2F3-DE61-43C5-A368-2E46A1532FA9}.Ad-Hoc|iPhone.Build.0 = Ad-Hoc|iPhone
		{160AA2F3-DE61-43C5-A368-2E46A1532FA9}.Ad-Hoc|iPhone.Deploy.0 = Ad-Hoc|iPhone
		{160AA2F3-DE61-43C5-A368-2E46A1532FA9}.Ad-Hoc|iPhoneSimulator.ActiveCfg = Ad-Hoc|iPhoneSimulator
		{160AA2F3-DE61-43C5-A368-2E46A1532FA9}.Ad-Hoc|iPhoneSimulator.Build.0 = Ad-Hoc|iPhoneSimulator
		{160AA2F3-DE61-43C5-A368-2E46A1532FA9}.Ad-Hoc|iPhoneSimulator.Deploy.0 = Ad-Hoc|iPhoneSimulator
		{160AA2F3-DE61-43C5-A368-2E46A1532FA9}.Ad-Hoc|x64.ActiveCfg = Ad-Hoc|iPhone
		{160AA2F3-DE61-43C5-A368-2E46A1532FA9}.Ad-Hoc|x64.Build.0 = Ad-Hoc|iPhone
		{160AA2F3-DE61-43C5-A368-2E46A1532FA9}.Ad-Hoc|x64.Deploy.0 = Ad-Hoc|iPhone
		{160AA2F3-DE61-43C5-A368-2E46A1532FA9}.Ad-Hoc|x86.ActiveCfg = Ad-Hoc|iPhone
		{160AA2F3-DE61-43C5-A368-2E46A1532FA9}.Ad-Hoc|x86.Build.0 = Ad-Hoc|iPhone
		{160AA2F3-DE61-43C5-A368-2E46A1532FA9}.Ad-Hoc|x86.Deploy.0 = Ad-Hoc|iPhone
		{160AA2F3-DE61-43C5-A368-2E46A1532FA9}.AppStore|Any CPU.ActiveCfg = AppStore|iPhone
		{160AA2F3-DE61-43C5-A368-2E46A1532FA9}.AppStore|Any CPU.Build.0 = AppStore|iPhone
		{160AA2F3-DE61-43C5-A368-2E46A1532FA9}.AppStore|Any CPU.Deploy.0 = AppStore|iPhone
		{160AA2F3-DE61-43C5-A368-2E46A1532FA9}.AppStore|ARM.ActiveCfg = AppStore|iPhone
		{160AA2F3-DE61-43C5-A368-2E46A1532FA9}.AppStore|ARM.Build.0 = AppStore|iPhone
		{160AA2F3-DE61-43C5-A368-2E46A1532FA9}.AppStore|ARM.Deploy.0 = AppStore|iPhone
		{160AA2F3-DE61-43C5-A368-2E46A1532FA9}.AppStore|iPhone.ActiveCfg = AppStore|iPhone
		{160AA2F3-DE61-43C5-A368-2E46A1532FA9}.AppStore|iPhone.Build.0 = AppStore|iPhone
		{160AA2F3-DE61-43C5-A368-2E46A1532FA9}.AppStore|iPhone.Deploy.0 = AppStore|iPhone
		{160AA2F3-DE61-43C5-A368-2E46A1532FA9}.AppStore|iPhoneSimulator.ActiveCfg = AppStore|iPhoneSimulator
		{160AA2F3-DE61-43C5-A368-2E46A1532FA9}.AppStore|iPhoneSimulator.Build.0 = AppStore|iPhoneSimulator
		{160AA2F3-DE61-43C5-A368-2E46A1532FA9}.AppStore|iPhoneSimulator.Deploy.0 = AppStore|iPhoneSimulator
		{160AA2F3-DE61-43C5-A368-2E46A1532FA9}.AppStore|x64.ActiveCfg = AppStore|iPhone
		{160AA2F3-DE61-43C5-A368-2E46A1532FA9}.AppStore|x64.Build.0 = AppStore|iPhone
		{160AA2F3-DE61-43C5-A368-2E46A1532FA9}.AppStore|x64.Deploy.0 = AppStore|iPhone
		{160AA2F3-DE61-43C5-A368-2E46A1532FA9}.AppStore|x86.ActiveCfg = AppStore|iPhone
		{160AA2F3-DE61-43C5-A368-2E46A1532FA9}.AppStore|x86.Build.0 = AppStore|iPhone
		{160AA2F3-DE61-43C5-A368-2E46A1532FA9}.AppStore|x86.Deploy.0 = AppStore|iPhone
		{160AA2F3-DE61-43C5-A368-2E46A1532FA9}.Debug|Any CPU.ActiveCfg = Debug|iPhoneSimulator
		{160AA2F3-DE61-43C5-A368-2E46A1532FA9}.Debug|Any CPU.Build.0 = Debug|iPhoneSimulator
		{160AA2F3-DE61-43C5-A368-2E46A1532FA9}.Debug|Any CPU.Deploy.0 = Debug|iPhoneSimulator
		{160AA2F3-DE61-43C5-A368-2E46A1532FA9}.Debug|ARM.ActiveCfg = Debug|iPhone
		{160AA2F3-DE61-43C5-A368-2E46A1532FA9}.Debug|ARM.Build.0 = Debug|iPhone
		{160AA2F3-DE61-43C5-A368-2E46A1532FA9}.Debug|ARM.Deploy.0 = Debug|iPhone
		{160AA2F3-DE61-43C5-A368-2E46A1532FA9}.Debug|iPhone.ActiveCfg = Debug|iPhone
		{160AA2F3-DE61-43C5-A368-2E46A1532FA9}.Debug|iPhone.Build.0 = Debug|iPhone
		{160AA2F3-DE61-43C5-A368-2E46A1532FA9}.Debug|iPhone.Deploy.0 = Debug|iPhone
		{160AA2F3-DE61-43C5-A368-2E46A1532FA9}.Debug|iPhoneSimulator.ActiveCfg = Debug|iPhoneSimulator
		{160AA2F3-DE61-43C5-A368-2E46A1532FA9}.Debug|iPhoneSimulator.Build.0 = Debug|iPhoneSimulator
		{160AA2F3-DE61-43C5-A368-2E46A1532FA9}.Debug|iPhoneSimulator.Deploy.0 = Debug|iPhoneSimulator
		{160AA2F3-DE61-43C5-A368-2E46A1532FA9}.Debug|x64.ActiveCfg = Debug|iPhone
		{160AA2F3-DE61-43C5-A368-2E46A1532FA9}.Debug|x64.Build.0 = Debug|iPhone
		{160AA2F3-DE61-43C5-A368-2E46A1532FA9}.Debug|x64.Deploy.0 = Debug|iPhone
		{160AA2F3-DE61-43C5-A368-2E46A1532FA9}.Debug|x86.ActiveCfg = Debug|iPhone
		{160AA2F3-DE61-43C5-A368-2E46A1532FA9}.Debug|x86.Build.0 = Debug|iPhone
		{160AA2F3-DE61-43C5-A368-2E46A1532FA9}.Debug|x86.Deploy.0 = Debug|iPhone
		{160AA2F3-DE61-43C5-A368-2E46A1532FA9}.Release|Any CPU.ActiveCfg = Release|iPhone
		{160AA2F3-DE61-43C5-A368-2E46A1532FA9}.Release|Any CPU.Build.0 = Release|iPhone
		{160AA2F3-DE61-43C5-A368-2E46A1532FA9}.Release|Any CPU.Deploy.0 = Release|iPhone
		{160AA2F3-DE61-43C5-A368-2E46A1532FA9}.Release|ARM.ActiveCfg = Release|iPhone
		{160AA2F3-DE61-43C5-A368-2E46A1532FA9}.Release|ARM.Build.0 = Release|iPhone
		{160AA2F3-DE61-43C5-A368-2E46A1532FA9}.Release|ARM.Deploy.0 = Release|iPhone
		{160AA2F3-DE61-43C5-A368-2E46A1532FA9}.Release|iPhone.ActiveCfg = Release|iPhone
		{160AA2F3-DE61-43C5-A368-2E46A1532FA9}.Release|iPhone.Build.0 = Release|iPhone
		{160AA2F3-DE61-43C5-A368-2E46A1532FA9}.Release|iPhone.Deploy.0 = Release|iPhone
		{160AA2F3-DE61-43C5-A368-2E46A1532FA9}.Release|iPhoneSimulator.ActiveCfg = Release|iPhoneSimulator
		{160AA2F3-DE61-43C5-A368-2E46A1532FA9}.Release|iPhoneSimulator.Build.0 = Release|iPhoneSimulator
		{160AA2F3-DE61-43C5-A368-2E46A1532FA9}.Release|iPhoneSimulator.Deploy.0 = Release|iPhoneSimulator
		{160AA2F3-DE61-43C5-A368-2E46A1532FA9}.Release|x64.ActiveCfg = Release|iPhone
		{160AA2F3-DE61-43C5-A368-2E46A1532FA9}.Release|x64.Build.0 = Release|iPhone
		{160AA2F3-DE61-43C5-A368-2E46A1532FA9}.Release|x64.Deploy.0 = Release|iPhone
		{160AA2F3-DE61-43C5-A368-2E46A1532FA9}.Release|x86.ActiveCfg = Release|iPhone
		{160AA2F3-DE61-43C5-A368-2E46A1532FA9}.Release|x86.Build.0 = Release|iPhone
		{160AA2F3-DE61-43C5-A368-2E46A1532FA9}.Release|x86.Deploy.0 = Release|iPhone
		{29FD40B4-6E75-4306-9F29-4CB18D8EC0EE}.Ad-Hoc|Any CPU.ActiveCfg = Release|x86
		{29FD40B4-6E75-4306-9F29-4CB18D8EC0EE}.Ad-Hoc|Any CPU.Build.0 = Release|x86
		{29FD40B4-6E75-4306-9F29-4CB18D8EC0EE}.Ad-Hoc|Any CPU.Deploy.0 = Release|x86
		{29FD40B4-6E75-4306-9F29-4CB18D8EC0EE}.Ad-Hoc|ARM.ActiveCfg = Release|ARM
		{29FD40B4-6E75-4306-9F29-4CB18D8EC0EE}.Ad-Hoc|ARM.Build.0 = Release|ARM
		{29FD40B4-6E75-4306-9F29-4CB18D8EC0EE}.Ad-Hoc|ARM.Deploy.0 = Release|ARM
		{29FD40B4-6E75-4306-9F29-4CB18D8EC0EE}.Ad-Hoc|iPhone.ActiveCfg = Release|x86
		{29FD40B4-6E75-4306-9F29-4CB18D8EC0EE}.Ad-Hoc|iPhone.Build.0 = Release|x86
		{29FD40B4-6E75-4306-9F29-4CB18D8EC0EE}.Ad-Hoc|iPhone.Deploy.0 = Release|x86
		{29FD40B4-6E75-4306-9F29-4CB18D8EC0EE}.Ad-Hoc|iPhoneSimulator.ActiveCfg = Release|x86
		{29FD40B4-6E75-4306-9F29-4CB18D8EC0EE}.Ad-Hoc|iPhoneSimulator.Build.0 = Release|x86
		{29FD40B4-6E75-4306-9F29-4CB18D8EC0EE}.Ad-Hoc|iPhoneSimulator.Deploy.0 = Release|x86
		{29FD40B4-6E75-4306-9F29-4CB18D8EC0EE}.Ad-Hoc|x64.ActiveCfg = Release|x64
		{29FD40B4-6E75-4306-9F29-4CB18D8EC0EE}.Ad-Hoc|x64.Build.0 = Release|x64
		{29FD40B4-6E75-4306-9F29-4CB18D8EC0EE}.Ad-Hoc|x64.Deploy.0 = Release|x64
		{29FD40B4-6E75-4306-9F29-4CB18D8EC0EE}.Ad-Hoc|x86.ActiveCfg = Release|x86
		{29FD40B4-6E75-4306-9F29-4CB18D8EC0EE}.Ad-Hoc|x86.Build.0 = Release|x86
		{29FD40B4-6E75-4306-9F29-4CB18D8EC0EE}.Ad-Hoc|x86.Deploy.0 = Release|x86
		{29FD40B4-6E75-4306-9F29-4CB18D8EC0EE}.AppStore|Any CPU.ActiveCfg = Release|x86
		{29FD40B4-6E75-4306-9F29-4CB18D8EC0EE}.AppStore|Any CPU.Build.0 = Release|x86
		{29FD40B4-6E75-4306-9F29-4CB18D8EC0EE}.AppStore|Any CPU.Deploy.0 = Release|x86
		{29FD40B4-6E75-4306-9F29-4CB18D8EC0EE}.AppStore|ARM.ActiveCfg = Release|ARM
		{29FD40B4-6E75-4306-9F29-4CB18D8EC0EE}.AppStore|ARM.Build.0 = Release|ARM
		{29FD40B4-6E75-4306-9F29-4CB18D8EC0EE}.AppStore|ARM.Deploy.0 = Release|ARM
		{29FD40B4-6E75-4306-9F29-4CB18D8EC0EE}.AppStore|iPhone.ActiveCfg = Release|x86
		{29FD40B4-6E75-4306-9F29-4CB18D8EC0EE}.AppStore|iPhone.Build.0 = Release|x86
		{29FD40B4-6E75-4306-9F29-4CB18D8EC0EE}.AppStore|iPhone.Deploy.0 = Release|x86
		{29FD40B4-6E75-4306-9F29-4CB18D8EC0EE}.AppStore|iPhoneSimulator.ActiveCfg = Release|x86
		{29FD40B4-6E75-4306-9F29-4CB18D8EC0EE}.AppStore|iPhoneSimulator.Build.0 = Release|x86
		{29FD40B4-6E75-4306-9F29-4CB18D8EC0EE}.AppStore|iPhoneSimulator.Deploy.0 = Release|x86
		{29FD40B4-6E75-4306-9F29-4CB18D8EC0EE}.AppStore|x64.ActiveCfg = Release|x64
		{29FD40B4-6E75-4306-9F29-4CB18D8EC0EE}.AppStore|x64.Build.0 = Release|x64
		{29FD40B4-6E75-4306-9F29-4CB18D8EC0EE}.AppStore|x64.Deploy.0 = Release|x64
		{29FD40B4-6E75-4306-9F29-4CB18D8EC0EE}.AppStore|x86.ActiveCfg = Release|x86
		{29FD40B4-6E75-4306-9F29-4CB18D8EC0EE}.AppStore|x86.Build.0 = Release|x86
		{29FD40B4-6E75-4306-9F29-4CB18D8EC0EE}.AppStore|x86.Deploy.0 = Release|x86
		{29FD40B4-6E75-4306-9F29-4CB18D8EC0EE}.Debug|Any CPU.ActiveCfg = Debug|x86
		{29FD40B4-6E75-4306-9F29-4CB18D8EC0EE}.Debug|Any CPU.Build.0 = Debug|x86
		{29FD40B4-6E75-4306-9F29-4CB18D8EC0EE}.Debug|Any CPU.Deploy.0 = Debug|x86
		{29FD40B4-6E75-4306-9F29-4CB18D8EC0EE}.Debug|ARM.ActiveCfg = Debug|ARM
		{29FD40B4-6E75-4306-9F29-4CB18D8EC0EE}.Debug|ARM.Build.0 = Debug|ARM
		{29FD40B4-6E75-4306-9F29-4CB18D8EC0EE}.Debug|ARM.Deploy.0 = Debug|ARM
		{29FD40B4-6E75-4306-9F29-4CB18D8EC0EE}.Debug|iPhone.ActiveCfg = Debug|x86
		{29FD40B4-6E75-4306-9F29-4CB18D8EC0EE}.Debug|iPhone.Build.0 = Debug|x86
		{29FD40B4-6E75-4306-9F29-4CB18D8EC0EE}.Debug|iPhone.Deploy.0 = Debug|x86
		{29FD40B4-6E75-4306-9F29-4CB18D8EC0EE}.Debug|iPhoneSimulator.ActiveCfg = Debug|x86
		{29FD40B4-6E75-4306-9F29-4CB18D8EC0EE}.Debug|iPhoneSimulator.Build.0 = Debug|x86
		{29FD40B4-6E75-4306-9F29-4CB18D8EC0EE}.Debug|iPhoneSimulator.Deploy.0 = Debug|x86
		{29FD40B4-6E75-4306-9F29-4CB18D8EC0EE}.Debug|x64.ActiveCfg = Debug|x64
		{29FD40B4-6E75-4306-9F29-4CB18D8EC0EE}.Debug|x64.Build.0 = Debug|x64
		{29FD40B4-6E75-4306-9F29-4CB18D8EC0EE}.Debug|x64.Deploy.0 = Debug|x64
		{29FD40B4-6E75-4306-9F29-4CB18D8EC0EE}.Debug|x86.ActiveCfg = Debug|x86
		{29FD40B4-6E75-4306-9F29-4CB18D8EC0EE}.Debug|x86.Build.0 = Debug|x86
		{29FD40B4-6E75-4306-9F29-4CB18D8EC0EE}.Debug|x86.Deploy.0 = Debug|x86
		{29FD40B4-6E75-4306-9F29-4CB18D8EC0EE}.Release|Any CPU.ActiveCfg = Release|x86
		{29FD40B4-6E75-4306-9F29-4CB18D8EC0EE}.Release|Any CPU.Build.0 = Release|x86
		{29FD40B4-6E75-4306-9F29-4CB18D8EC0EE}.Release|Any CPU.Deploy.0 = Release|x86
		{29FD40B4-6E75-4306-9F29-4CB18D8EC0EE}.Release|ARM.ActiveCfg = Release|ARM
		{29FD40B4-6E75-4306-9F29-4CB18D8EC0EE}.Release|ARM.Build.0 = Release|ARM
		{29FD40B4-6E75-4306-9F29-4CB18D8EC0EE}.Release|ARM.Deploy.0 = Release|ARM
		{29FD40B4-6E75-4306-9F29-4CB18D8EC0EE}.Release|iPhone.ActiveCfg = Release|x86
		{29FD40B4-6E75-4306-9F29-4CB18D8EC0EE}.Release|iPhone.Build.0 = Release|x86
		{29FD40B4-6E75-4306-9F29-4CB18D8EC0EE}.Release|iPhone.Deploy.0 = Release|x86
		{29FD40B4-6E75-4306-9F29-4CB18D8EC0EE}.Release|iPhoneSimulator.ActiveCfg = Release|x86
		{29FD40B4-6E75-4306-9F29-4CB18D8EC0EE}.Release|iPhoneSimulator.Build.0 = Release|x86
		{29FD40B4-6E75-4306-9F29-4CB18D8EC0EE}.Release|iPhoneSimulator.Deploy.0 = Release|x86
		{29FD40B4-6E75-4306-9F29-4CB18D8EC0EE}.Release|x64.ActiveCfg = Release|x64
		{29FD40B4-6E75-4306-9F29-4CB18D8EC0EE}.Release|x64.Build.0 = Release|x64
		{29FD40B4-6E75-4306-9F29-4CB18D8EC0EE}.Release|x64.Deploy.0 = Release|x64
		{29FD40B4-6E75-4306-9F29-4CB18D8EC0EE}.Release|x86.ActiveCfg = Release|x86
		{29FD40B4-6E75-4306-9F29-4CB18D8EC0EE}.Release|x86.Build.0 = Release|x86
		{29FD40B4-6E75-4306-9F29-4CB18D8EC0EE}.Release|x86.Deploy.0 = Release|x86
		{5CABFA2C-AFFB-4698-A3C8-6C2679592590}.Ad-Hoc|Any CPU.ActiveCfg = Debug|Any CPU
		{5CABFA2C-AFFB-4698-A3C8-6C2679592590}.Ad-Hoc|Any CPU.Build.0 = Debug|Any CPU
		{5CABFA2C-AFFB-4698-A3C8-6C2679592590}.Ad-Hoc|Any CPU.Deploy.0 = Debug|Any CPU
		{5CABFA2C-AFFB-4698-A3C8-6C2679592590}.Ad-Hoc|ARM.ActiveCfg = Debug|Any CPU
		{5CABFA2C-AFFB-4698-A3C8-6C2679592590}.Ad-Hoc|ARM.Build.0 = Debug|Any CPU
		{5CABFA2C-AFFB-4698-A3C8-6C2679592590}.Ad-Hoc|ARM.Deploy.0 = Debug|Any CPU
		{5CABFA2C-AFFB-4698-A3C8-6C2679592590}.Ad-Hoc|iPhone.ActiveCfg = Debug|Any CPU
		{5CABFA2C-AFFB-4698-A3C8-6C2679592590}.Ad-Hoc|iPhone.Build.0 = Debug|Any CPU
		{5CABFA2C-AFFB-4698-A3C8-6C2679592590}.Ad-Hoc|iPhone.Deploy.0 = Debug|Any CPU
		{5CABFA2C-AFFB-4698-A3C8-6C2679592590}.Ad-Hoc|iPhoneSimulator.ActiveCfg = Debug|Any CPU
		{5CABFA2C-AFFB-4698-A3C8-6C2679592590}.Ad-Hoc|iPhoneSimulator.Build.0 = Debug|Any CPU
		{5CABFA2C-AFFB-4698-A3C8-6C2679592590}.Ad-Hoc|iPhoneSimulator.Deploy.0 = Debug|Any CPU
		{5CABFA2C-AFFB-4698-A3C8-6C2679592590}.Ad-Hoc|x64.ActiveCfg = Debug|Any CPU
		{5CABFA2C-AFFB-4698-A3C8-6C2679592590}.Ad-Hoc|x64.Build.0 = Debug|Any CPU
		{5CABFA2C-AFFB-4698-A3C8-6C2679592590}.Ad-Hoc|x64.Deploy.0 = Debug|Any CPU
		{5CABFA2C-AFFB-4698-A3C8-6C2679592590}.Ad-Hoc|x86.ActiveCfg = Debug|Any CPU
		{5CABFA2C-AFFB-4698-A3C8-6C2679592590}.Ad-Hoc|x86.Build.0 = Debug|Any CPU
		{5CABFA2C-AFFB-4698-A3C8-6C2679592590}.Ad-Hoc|x86.Deploy.0 = Debug|Any CPU
		{5CABFA2C-AFFB-4698-A3C8-6C2679592590}.AppStore|Any CPU.ActiveCfg = Debug|Any CPU
		{5CABFA2C-AFFB-4698-A3C8-6C2679592590}.AppStore|Any CPU.Build.0 = Debug|Any CPU
		{5CABFA2C-AFFB-4698-A3C8-6C2679592590}.AppStore|Any CPU.Deploy.0 = Debug|Any CPU
		{5CABFA2C-AFFB-4698-A3C8-6C2679592590}.AppStore|ARM.ActiveCfg = Debug|Any CPU
		{5CABFA2C-AFFB-4698-A3C8-6C2679592590}.AppStore|ARM.Build.0 = Debug|Any CPU
		{5CABFA2C-AFFB-4698-A3C8-6C2679592590}.AppStore|ARM.Deploy.0 = Debug|Any CPU
		{5CABFA2C-AFFB-4698-A3C8-6C2679592590}.AppStore|iPhone.ActiveCfg = Debug|Any CPU
		{5CABFA2C-AFFB-4698-A3C8-6C2679592590}.AppStore|iPhone.Build.0 = Debug|Any CPU
		{5CABFA2C-AFFB-4698-A3C8-6C2679592590}.AppStore|iPhone.Deploy.0 = Debug|Any CPU
		{5CABFA2C-AFFB-4698-A3C8-6C2679592590}.AppStore|iPhoneSimulator.ActiveCfg = Debug|Any CPU
		{5CABFA2C-AFFB-4698-A3C8-6C2679592590}.AppStore|iPhoneSimulator.Build.0 = Debug|Any CPU
		{5CABFA2C-AFFB-4698-A3C8-6C2679592590}.AppStore|iPhoneSimulator.Deploy.0 = Debug|Any CPU
		{5CABFA2C-AFFB-4698-A3C8-6C2679592590}.AppStore|x64.ActiveCfg = Debug|Any CPU
		{5CABFA2C-AFFB-4698-A3C8-6C2679592590}.AppStore|x64.Build.0 = Debug|Any CPU
		{5CABFA2C-AFFB-4698-A3C8-6C2679592590}.AppStore|x64.Deploy.0 = Debug|Any CPU
		{5CABFA2C-AFFB-4698-A3C8-6C2679592590}.AppStore|x86.ActiveCfg = Debug|Any CPU
		{5CABFA2C-AFFB-4698-A3C8-6C2679592590}.AppStore|x86.Build.0 = Debug|Any CPU
		{5CABFA2C-AFFB-4698-A3C8-6C2679592590}.AppStore|x86.Deploy.0 = Debug|Any CPU
		{5CABFA2C-AFFB-4698-A3C8-6C2679592590}.Debug|Any CPU.ActiveCfg = Debug|Any CPU
		{5CABFA2C-AFFB-4698-A3C8-6C2679592590}.Debug|Any CPU.Build.0 = Debug|Any CPU
		{5CABFA2C-AFFB-4698-A3C8-6C2679592590}.Debug|Any CPU.Deploy.0 = Debug|Any CPU
		{5CABFA2C-AFFB-4698-A3C8-6C2679592590}.Debug|ARM.ActiveCfg = Debug|Any CPU
		{5CABFA2C-AFFB-4698-A3C8-6C2679592590}.Debug|ARM.Build.0 = Debug|Any CPU
		{5CABFA2C-AFFB-4698-A3C8-6C2679592590}.Debug|ARM.Deploy.0 = Debug|Any CPU
		{5CABFA2C-AFFB-4698-A3C8-6C2679592590}.Debug|iPhone.ActiveCfg = Debug|Any CPU
		{5CABFA2C-AFFB-4698-A3C8-6C2679592590}.Debug|iPhone.Build.0 = Debug|Any CPU
		{5CABFA2C-AFFB-4698-A3C8-6C2679592590}.Debug|iPhone.Deploy.0 = Debug|Any CPU
		{5CABFA2C-AFFB-4698-A3C8-6C2679592590}.Debug|iPhoneSimulator.ActiveCfg = Debug|Any CPU
		{5CABFA2C-AFFB-4698-A3C8-6C2679592590}.Debug|iPhoneSimulator.Build.0 = Debug|Any CPU
		{5CABFA2C-AFFB-4698-A3C8-6C2679592590}.Debug|iPhoneSimulator.Deploy.0 = Debug|Any CPU
		{5CABFA2C-AFFB-4698-A3C8-6C2679592590}.Debug|x64.ActiveCfg = Debug|Any CPU
		{5CABFA2C-AFFB-4698-A3C8-6C2679592590}.Debug|x64.Build.0 = Debug|Any CPU
		{5CABFA2C-AFFB-4698-A3C8-6C2679592590}.Debug|x64.Deploy.0 = Debug|Any CPU
		{5CABFA2C-AFFB-4698-A3C8-6C2679592590}.Debug|x86.ActiveCfg = Debug|Any CPU
		{5CABFA2C-AFFB-4698-A3C8-6C2679592590}.Debug|x86.Build.0 = Debug|Any CPU
		{5CABFA2C-AFFB-4698-A3C8-6C2679592590}.Debug|x86.Deploy.0 = Debug|Any CPU
		{5CABFA2C-AFFB-4698-A3C8-6C2679592590}.Release|Any CPU.ActiveCfg = Release|Any CPU
		{5CABFA2C-AFFB-4698-A3C8-6C2679592590}.Release|Any CPU.Build.0 = Release|Any CPU
		{5CABFA2C-AFFB-4698-A3C8-6C2679592590}.Release|Any CPU.Deploy.0 = Release|Any CPU
		{5CABFA2C-AFFB-4698-A3C8-6C2679592590}.Release|ARM.ActiveCfg = Release|Any CPU
		{5CABFA2C-AFFB-4698-A3C8-6C2679592590}.Release|ARM.Build.0 = Release|Any CPU
		{5CABFA2C-AFFB-4698-A3C8-6C2679592590}.Release|ARM.Deploy.0 = Release|Any CPU
		{5CABFA2C-AFFB-4698-A3C8-6C2679592590}.Release|iPhone.ActiveCfg = Release|Any CPU
		{5CABFA2C-AFFB-4698-A3C8-6C2679592590}.Release|iPhone.Build.0 = Release|Any CPU
		{5CABFA2C-AFFB-4698-A3C8-6C2679592590}.Release|iPhone.Deploy.0 = Release|Any CPU
		{5CABFA2C-AFFB-4698-A3C8-6C2679592590}.Release|iPhoneSimulator.ActiveCfg = Release|Any CPU
		{5CABFA2C-AFFB-4698-A3C8-6C2679592590}.Release|iPhoneSimulator.Build.0 = Release|Any CPU
		{5CABFA2C-AFFB-4698-A3C8-6C2679592590}.Release|iPhoneSimulator.Deploy.0 = Release|Any CPU
		{5CABFA2C-AFFB-4698-A3C8-6C2679592590}.Release|x64.ActiveCfg = Release|Any CPU
		{5CABFA2C-AFFB-4698-A3C8-6C2679592590}.Release|x64.Build.0 = Release|Any CPU
		{5CABFA2C-AFFB-4698-A3C8-6C2679592590}.Release|x64.Deploy.0 = Release|Any CPU
		{5CABFA2C-AFFB-4698-A3C8-6C2679592590}.Release|x86.ActiveCfg = Release|Any CPU
		{5CABFA2C-AFFB-4698-A3C8-6C2679592590}.Release|x86.Build.0 = Release|Any CPU
		{5CABFA2C-AFFB-4698-A3C8-6C2679592590}.Release|x86.Deploy.0 = Release|Any CPU
	EndGlobalSection
	GlobalSection(SolutionProperties) = preSolution
		HideSolutionNode = FALSE
	EndGlobalSection
	GlobalSection(ExtensibilityGlobals) = postSolution
		SolutionGuid = {999F67CD-7D7F-42F7-A7B3-BDABD578FA73}
	EndGlobalSection
EndGlobal
